// !$*UTF8*$!
{
	archiveVersion = 1;
	classes = {
	};
	objectVersion = 50;
	objects = {

/* Begin PBXBuildFile section */
		013F95E22694C73900B6CE05 /* AppDelegate.swift in Sources */ = {isa = PBXBuildFile; fileRef = 013F95E12694C73800B6CE05 /* AppDelegate.swift */; };
		013F95E42694C73900B6CE05 /* SceneDelegate.swift in Sources */ = {isa = PBXBuildFile; fileRef = 013F95E32694C73900B6CE05 /* SceneDelegate.swift */; };
		013F95E62694C73900B6CE05 /* CreateEmployeeVC.swift in Sources */ = {isa = PBXBuildFile; fileRef = 013F95E52694C73900B6CE05 /* CreateEmployeeVC.swift */; };
		013F95E92694C73900B6CE05 /* Main.storyboard in Resources */ = {isa = PBXBuildFile; fileRef = 013F95E72694C73900B6CE05 /* Main.storyboard */; };
		013F95EC2694C73900B6CE05 /* CoreDataDemo.xcdatamodeld in Sources */ = {isa = PBXBuildFile; fileRef = 013F95EA2694C73900B6CE05 /* CoreDataDemo.xcdatamodeld */; };
		013F95EE2694C74000B6CE05 /* Assets.xcassets in Resources */ = {isa = PBXBuildFile; fileRef = 013F95ED2694C74000B6CE05 /* Assets.xcassets */; };
		013F95F12694C74000B6CE05 /* LaunchScreen.storyboard in Resources */ = {isa = PBXBuildFile; fileRef = 013F95EF2694C74000B6CE05 /* LaunchScreen.storyboard */; };
		013F95FF2694C8F200B6CE05 /* PersistentStorage.swift in Sources */ = {isa = PBXBuildFile; fileRef = 013F95FE2694C8F200B6CE05 /* PersistentStorage.swift */; };
		013F96152695A1FA00B6CE05 /* EmployeeListVC.swift in Sources */ = {isa = PBXBuildFile; fileRef = 013F96142695A1FA00B6CE05 /* EmployeeListVC.swift */; };
		013F96232695A27000B6CE05 /* EmployeeListCell.swift in Sources */ = {isa = PBXBuildFile; fileRef = 013F96212695A27000B6CE05 /* EmployeeListCell.swift */; };
		013F96242695A27000B6CE05 /* EmployeeListCell.xib in Resources */ = {isa = PBXBuildFile; fileRef = 013F96222695A27000B6CE05 /* EmployeeListCell.xib */; };
		013F96272695A4B500B6CE05 /* EmployeeDetailVC.swift in Sources */ = {isa = PBXBuildFile; fileRef = 013F96262695A4B500B6CE05 /* EmployeeDetailVC.swift */; };
		013F962D2695D0BA00B6CE05 /* CDEmployee+CoreDataClass.swift in Sources */ = {isa = PBXBuildFile; fileRef = 013F962B2695D0BA00B6CE05 /* CDEmployee+CoreDataClass.swift */; };
		013F962E2695D0BA00B6CE05 /* CDEmployee+CoreDataProperties.swift in Sources */ = {isa = PBXBuildFile; fileRef = 013F962C2695D0BA00B6CE05 /* CDEmployee+CoreDataProperties.swift */; };
		013F96322695D2D700B6CE05 /* EmployeeDataRepository.swift in Sources */ = {isa = PBXBuildFile; fileRef = 013F96312695D2D700B6CE05 /* EmployeeDataRepository.swift */; };
		013F96362695D32300B6CE05 /* Employee.swift in Sources */ = {isa = PBXBuildFile; fileRef = 013F96352695D32300B6CE05 /* Employee.swift */; };
		013F963C2695E1CD00B6CE05 /* EmployeeManager.swift in Sources */ = {isa = PBXBuildFile; fileRef = 013F963B2695E1CD00B6CE05 /* EmployeeManager.swift */; };
		013F96432695E40800B6CE05 /* Constants.swift in Sources */ = {isa = PBXBuildFile; fileRef = 013F96422695E40800B6CE05 /* Constants.swift */; };
/* End PBXBuildFile section */

/* Begin PBXFileReference section */
		013F95DE2694C73800B6CE05 /* CoreDataDemo.app */ = {isa = PBXFileReference; explicitFileType = wrapper.application; includeInIndex = 0; path = CoreDataDemo.app; sourceTree = BUILT_PRODUCTS_DIR; };
		013F95E12694C73800B6CE05 /* AppDelegate.swift */ = {isa = PBXFileReference; lastKnownFileType = sourcecode.swift; path = AppDelegate.swift; sourceTree = "<group>"; };
		013F95E32694C73900B6CE05 /* SceneDelegate.swift */ = {isa = PBXFileReference; lastKnownFileType = sourcecode.swift; path = SceneDelegate.swift; sourceTree = "<group>"; };
		013F95E52694C73900B6CE05 /* CreateEmployeeVC.swift */ = {isa = PBXFileReference; lastKnownFileType = sourcecode.swift; path = CreateEmployeeVC.swift; sourceTree = "<group>"; };
		013F95E82694C73900B6CE05 /* Base */ = {isa = PBXFileReference; lastKnownFileType = file.storyboard; name = Base; path = Base.lproj/Main.storyboard; sourceTree = "<group>"; };
		013F95EB2694C73900B6CE05 /* CoreDataDemo.xcdatamodel */ = {isa = PBXFileReference; lastKnownFileType = wrapper.xcdatamodel; path = CoreDataDemo.xcdatamodel; sourceTree = "<group>"; };
		013F95ED2694C74000B6CE05 /* Assets.xcassets */ = {isa = PBXFileReference; lastKnownFileType = folder.assetcatalog; path = Assets.xcassets; sourceTree = "<group>"; };
		013F95F02694C74000B6CE05 /* Base */ = {isa = PBXFileReference; lastKnownFileType = file.storyboard; name = Base; path = Base.lproj/LaunchScreen.storyboard; sourceTree = "<group>"; };
		013F95F22694C74000B6CE05 /* Info.plist */ = {isa = PBXFileReference; lastKnownFileType = text.plist.xml; path = Info.plist; sourceTree = "<group>"; };
		013F95FE2694C8F200B6CE05 /* PersistentStorage.swift */ = {isa = PBXFileReference; lastKnownFileType = sourcecode.swift; path = PersistentStorage.swift; sourceTree = "<group>"; };
		013F96142695A1FA00B6CE05 /* EmployeeListVC.swift */ = {isa = PBXFileReference; lastKnownFileType = sourcecode.swift; path = EmployeeListVC.swift; sourceTree = "<group>"; };
		013F96212695A27000B6CE05 /* EmployeeListCell.swift */ = {isa = PBXFileReference; lastKnownFileType = sourcecode.swift; path = EmployeeListCell.swift; sourceTree = "<group>"; };
		013F96222695A27000B6CE05 /* EmployeeListCell.xib */ = {isa = PBXFileReference; lastKnownFileType = file.xib; path = EmployeeListCell.xib; sourceTree = "<group>"; };
		013F96262695A4B500B6CE05 /* EmployeeDetailVC.swift */ = {isa = PBXFileReference; lastKnownFileType = sourcecode.swift; path = EmployeeDetailVC.swift; sourceTree = "<group>"; };
		013F962B2695D0BA00B6CE05 /* CDEmployee+CoreDataClass.swift */ = {isa = PBXFileReference; lastKnownFileType = sourcecode.swift; path = "CDEmployee+CoreDataClass.swift"; sourceTree = SOURCE_ROOT; };
		013F962C2695D0BA00B6CE05 /* CDEmployee+CoreDataProperties.swift */ = {isa = PBXFileReference; lastKnownFileType = sourcecode.swift; path = "CDEmployee+CoreDataProperties.swift"; sourceTree = SOURCE_ROOT; };
		013F96312695D2D700B6CE05 /* EmployeeDataRepository.swift */ = {isa = PBXFileReference; lastKnownFileType = sourcecode.swift; path = EmployeeDataRepository.swift; sourceTree = "<group>"; };
		013F96352695D32300B6CE05 /* Employee.swift */ = {isa = PBXFileReference; lastKnownFileType = sourcecode.swift; path = Employee.swift; sourceTree = "<group>"; };
		013F963B2695E1CD00B6CE05 /* EmployeeManager.swift */ = {isa = PBXFileReference; lastKnownFileType = sourcecode.swift; path = EmployeeManager.swift; sourceTree = "<group>"; };
		013F96422695E40800B6CE05 /* Constants.swift */ = {isa = PBXFileReference; lastKnownFileType = sourcecode.swift; path = Constants.swift; sourceTree = "<group>"; };
/* End PBXFileReference section */

/* Begin PBXFrameworksBuildPhase section */
		013F95DB2694C73800B6CE05 /* Frameworks */ = {
			isa = PBXFrameworksBuildPhase;
			buildActionMask = 2147483647;
			files = (
			);
			runOnlyForDeploymentPostprocessing = 0;
		};
/* End PBXFrameworksBuildPhase section */

/* Begin PBXGroup section */
		013F95D52694C73800B6CE05 = {
			isa = PBXGroup;
			children = (
				013F95E02694C73800B6CE05 /* CoreDataDemo */,
				013F95DF2694C73800B6CE05 /* Products */,
			);
			sourceTree = "<group>";
		};
		013F95DF2694C73800B6CE05 /* Products */ = {
			isa = PBXGroup;
			children = (
				013F95DE2694C73800B6CE05 /* CoreDataDemo.app */,
			);
			name = Products;
			sourceTree = "<group>";
		};
		013F95E02694C73800B6CE05 /* CoreDataDemo */ = {
			isa = PBXGroup;
			children = (
				013F9605269584F100B6CE05 /* Core Data Support Files */,
				013F96412695E3F200B6CE05 /* Constants */,
				013F963A2695E15B00B6CE05 /* Employee Repo Manager */,
				013F96342695D31300B6CE05 /* Models */,
				013F96302695D29F00B6CE05 /* Repository */,
				013F96132695A1CB00B6CE05 /* Employee Detail Entity */,
				013F96122695A1B500B6CE05 /* Employee List Entity */,
				013F9603269584B500B6CE05 /* Create Employee Entity */,
				013F96102695856200B6CE05 /* Resources */,
				013F960E2695854500B6CE05 /* App Lifecycle */,
				013F95F22694C74000B6CE05 /* Info.plist */,
				013F95EA2694C73900B6CE05 /* CoreDataDemo.xcdatamodeld */,
			);
			path = CoreDataDemo;
			sourceTree = "<group>";
		};
		013F9603269584B500B6CE05 /* Create Employee Entity */ = {
			isa = PBXGroup;
			children = (
				013F963E2695E36B00B6CE05 /* View */,
			);
			path = "Create Employee Entity";
			sourceTree = "<group>";
		};
		013F9605269584F100B6CE05 /* Core Data Support Files */ = {
			isa = PBXGroup;
			children = (
				013F962B2695D0BA00B6CE05 /* CDEmployee+CoreDataClass.swift */,
				013F962C2695D0BA00B6CE05 /* CDEmployee+CoreDataProperties.swift */,
				013F95FE2694C8F200B6CE05 /* PersistentStorage.swift */,
			);
			path = "Core Data Support Files";
			sourceTree = "<group>";
		};
		013F960E2695854500B6CE05 /* App Lifecycle */ = {
			isa = PBXGroup;
			children = (
				013F95E12694C73800B6CE05 /* AppDelegate.swift */,
				013F95E32694C73900B6CE05 /* SceneDelegate.swift */,
			);
			path = "App Lifecycle";
			sourceTree = "<group>";
		};
		013F96102695856200B6CE05 /* Resources */ = {
			isa = PBXGroup;
			children = (
				013F95E72694C73900B6CE05 /* Main.storyboard */,
				013F95ED2694C74000B6CE05 /* Assets.xcassets */,
				013F95EF2694C74000B6CE05 /* LaunchScreen.storyboard */,
			);
			path = Resources;
			sourceTree = "<group>";
		};
		013F96122695A1B500B6CE05 /* Employee List Entity */ = {
			isa = PBXGroup;
			children = (
				013F96172695A1FF00B6CE05 /* EmplyeeListCell */,
				013F963F2695E37400B6CE05 /* View */,
			);
			path = "Employee List Entity";
			sourceTree = "<group>";
		};
		013F96132695A1CB00B6CE05 /* Employee Detail Entity */ = {
			isa = PBXGroup;
			children = (
				013F96262695A4B500B6CE05 /* EmployeeDetailVC.swift */,
			);
			path = "Employee Detail Entity";
			sourceTree = "<group>";
		};
		013F96172695A1FF00B6CE05 /* EmplyeeListCell */ = {
			isa = PBXGroup;
			children = (
				013F96212695A27000B6CE05 /* EmployeeListCell.swift */,
				013F96222695A27000B6CE05 /* EmployeeListCell.xib */,
			);
			path = EmplyeeListCell;
			sourceTree = "<group>";
		};
		013F96302695D29F00B6CE05 /* Repository */ = {
			isa = PBXGroup;
			children = (
				013F96312695D2D700B6CE05 /* EmployeeDataRepository.swift */,
			);
			path = Repository;
			sourceTree = "<group>";
		};
		013F96342695D31300B6CE05 /* Models */ = {
			isa = PBXGroup;
			children = (
				013F96352695D32300B6CE05 /* Employee.swift */,
			);
			path = Models;
			sourceTree = "<group>";
		};
		013F963A2695E15B00B6CE05 /* Employee Repo Manager */ = {
			isa = PBXGroup;
			children = (
				013F963B2695E1CD00B6CE05 /* EmployeeManager.swift */,
			);
			path = "Employee Repo Manager";
			sourceTree = "<group>";
		};
		013F963E2695E36B00B6CE05 /* View */ = {
			isa = PBXGroup;
			children = (
				013F95E52694C73900B6CE05 /* CreateEmployeeVC.swift */,
			);
			path = View;
			sourceTree = "<group>";
		};
		013F963F2695E37400B6CE05 /* View */ = {
			isa = PBXGroup;
			children = (
				013F96142695A1FA00B6CE05 /* EmployeeListVC.swift */,
			);
			path = View;
			sourceTree = "<group>";
		};
		013F96412695E3F200B6CE05 /* Constants */ = {
			isa = PBXGroup;
			children = (
				013F96422695E40800B6CE05 /* Constants.swift */,
			);
			path = Constants;
			sourceTree = "<group>";
		};
/* End PBXGroup section */

/* Begin PBXNativeTarget section */
		013F95DD2694C73800B6CE05 /* CoreDataDemo */ = {
			isa = PBXNativeTarget;
			buildConfigurationList = 013F95F52694C74000B6CE05 /* Build configuration list for PBXNativeTarget "CoreDataDemo" */;
			buildPhases = (
				013F95DA2694C73800B6CE05 /* Sources */,
				013F95DB2694C73800B6CE05 /* Frameworks */,
				013F95DC2694C73800B6CE05 /* Resources */,
			);
			buildRules = (
			);
			dependencies = (
			);
			name = CoreDataDemo;
			productName = CoreDataDemo;
			productReference = 013F95DE2694C73800B6CE05 /* CoreDataDemo.app */;
			productType = "com.apple.product-type.application";
		};
/* End PBXNativeTarget section */

/* Begin PBXProject section */
		013F95D62694C73800B6CE05 /* Project object */ = {
			isa = PBXProject;
			attributes = {
				LastSwiftUpdateCheck = 1230;
				LastUpgradeCheck = 1230;
				TargetAttributes = {
					013F95DD2694C73800B6CE05 = {
						CreatedOnToolsVersion = 12.3;
					};
				};
			};
			buildConfigurationList = 013F95D92694C73800B6CE05 /* Build configuration list for PBXProject "CoreDataDemo" */;
			compatibilityVersion = "Xcode 9.3";
			developmentRegion = en;
			hasScannedForEncodings = 0;
			knownRegions = (
				en,
				Base,
			);
			mainGroup = 013F95D52694C73800B6CE05;
			productRefGroup = 013F95DF2694C73800B6CE05 /* Products */;
			projectDirPath = "";
			projectRoot = "";
			targets = (
				013F95DD2694C73800B6CE05 /* CoreDataDemo */,
			);
		};
/* End PBXProject section */

/* Begin PBXResourcesBuildPhase section */
		013F95DC2694C73800B6CE05 /* Resources */ = {
			isa = PBXResourcesBuildPhase;
			buildActionMask = 2147483647;
			files = (
				013F95F12694C74000B6CE05 /* LaunchScreen.storyboard in Resources */,
				013F96242695A27000B6CE05 /* EmployeeListCell.xib in Resources */,
				013F95EE2694C74000B6CE05 /* Assets.xcassets in Resources */,
				013F95E92694C73900B6CE05 /* Main.storyboard in Resources */,
			);
			runOnlyForDeploymentPostprocessing = 0;
		};
/* End PBXResourcesBuildPhase section */

/* Begin PBXSourcesBuildPhase section */
		013F95DA2694C73800B6CE05 /* Sources */ = {
			isa = PBXSourcesBuildPhase;
			buildActionMask = 2147483647;
			files = (
				013F95E62694C73900B6CE05 /* CreateEmployeeVC.swift in Sources */,
				013F96362695D32300B6CE05 /* Employee.swift in Sources */,
				013F962D2695D0BA00B6CE05 /* CDEmployee+CoreDataClass.swift in Sources */,
				013F95EC2694C73900B6CE05 /* CoreDataDemo.xcdatamodeld in Sources */,
				013F95E22694C73900B6CE05 /* AppDelegate.swift in Sources */,
				013F962E2695D0BA00B6CE05 /* CDEmployee+CoreDataProperties.swift in Sources */,
				013F96232695A27000B6CE05 /* EmployeeListCell.swift in Sources */,
				013F96272695A4B500B6CE05 /* EmployeeDetailVC.swift in Sources */,
				013F96322695D2D700B6CE05 /* EmployeeDataRepository.swift in Sources */,
				013F96152695A1FA00B6CE05 /* EmployeeListVC.swift in Sources */,
				013F963C2695E1CD00B6CE05 /* EmployeeManager.swift in Sources */,
				013F96432695E40800B6CE05 /* Constants.swift in Sources */,
				013F95E42694C73900B6CE05 /* SceneDelegate.swift in Sources */,
				013F95FF2694C8F200B6CE05 /* PersistentStorage.swift in Sources */,
			);
			runOnlyForDeploymentPostprocessing = 0;
		};
/* End PBXSourcesBuildPhase section */

/* Begin PBXVariantGroup section */
		013F95E72694C73900B6CE05 /* Main.storyboard */ = {
			isa = PBXVariantGroup;
			children = (
				013F95E82694C73900B6CE05 /* Base */,
			);
			name = Main.storyboard;
			sourceTree = "<group>";
		};
		013F95EF2694C74000B6CE05 /* LaunchScreen.storyboard */ = {
			isa = PBXVariantGroup;
			children = (
				013F95F02694C74000B6CE05 /* Base */,
			);
			name = LaunchScreen.storyboard;
			sourceTree = "<group>";
		};
/* End PBXVariantGroup section */

/* Begin XCBuildConfiguration section */
		013F95F32694C74000B6CE05 /* Debug */ = {
			isa = XCBuildConfiguration;
			buildSettings = {
				ALWAYS_SEARCH_USER_PATHS = NO;
				CLANG_ANALYZER_NONNULL = YES;
				CLANG_ANALYZER_NUMBER_OBJECT_CONVERSION = YES_AGGRESSIVE;
				CLANG_CXX_LANGUAGE_STANDARD = "gnu++14";
				CLANG_CXX_LIBRARY = "libc++";
				CLANG_ENABLE_MODULES = YES;
				CLANG_ENABLE_OBJC_ARC = YES;
				CLANG_ENABLE_OBJC_WEAK = YES;
				CLANG_WARN_BLOCK_CAPTURE_AUTORELEASING = YES;
				CLANG_WARN_BOOL_CONVERSION = YES;
				CLANG_WARN_COMMA = YES;
				CLANG_WARN_CONSTANT_CONVERSION = YES;
				CLANG_WARN_DEPRECATED_OBJC_IMPLEMENTATIONS = YES;
				CLANG_WARN_DIRECT_OBJC_ISA_USAGE = YES_ERROR;
				CLANG_WARN_DOCUMENTATION_COMMENTS = YES;
				CLANG_WARN_EMPTY_BODY = YES;
				CLANG_WARN_ENUM_CONVERSION = YES;
				CLANG_WARN_INFINITE_RECURSION = YES;
				CLANG_WARN_INT_CONVERSION = YES;
				CLANG_WARN_NON_LITERAL_NULL_CONVERSION = YES;
				CLANG_WARN_OBJC_IMPLICIT_RETAIN_SELF = YES;
				CLANG_WARN_OBJC_LITERAL_CONVERSION = YES;
				CLANG_WARN_OBJC_ROOT_CLASS = YES_ERROR;
				CLANG_WARN_QUOTED_INCLUDE_IN_FRAMEWORK_HEADER = YES;
				CLANG_WARN_RANGE_LOOP_ANALYSIS = YES;
				CLANG_WARN_STRICT_PROTOTYPES = YES;
				CLANG_WARN_SUSPICIOUS_MOVE = YES;
				CLANG_WARN_UNGUARDED_AVAILABILITY = YES_AGGRESSIVE;
				CLANG_WARN_UNREACHABLE_CODE = YES;
				CLANG_WARN__DUPLICATE_METHOD_MATCH = YES;
				COPY_PHASE_STRIP = NO;
				DEBUG_INFORMATION_FORMAT = dwarf;
				ENABLE_STRICT_OBJC_MSGSEND = YES;
				ENABLE_TESTABILITY = YES;
				GCC_C_LANGUAGE_STANDARD = gnu11;
				GCC_DYNAMIC_NO_PIC = NO;
				GCC_NO_COMMON_BLOCKS = YES;
				GCC_OPTIMIZATION_LEVEL = 0;
				GCC_PREPROCESSOR_DEFINITIONS = (
					"DEBUG=1",
					"$(inherited)",
				);
				GCC_WARN_64_TO_32_BIT_CONVERSION = YES;
				GCC_WARN_ABOUT_RETURN_TYPE = YES_ERROR;
				GCC_WARN_UNDECLARED_SELECTOR = YES;
				GCC_WARN_UNINITIALIZED_AUTOS = YES_AGGRESSIVE;
				GCC_WARN_UNUSED_FUNCTION = YES;
				GCC_WARN_UNUSED_VARIABLE = YES;
				IPHONEOS_DEPLOYMENT_TARGET = 14.3;
				MTL_ENABLE_DEBUG_INFO = INCLUDE_SOURCE;
				MTL_FAST_MATH = YES;
				ONLY_ACTIVE_ARCH = YES;
				SDKROOT = iphoneos;
				SWIFT_ACTIVE_COMPILATION_CONDITIONS = DEBUG;
				SWIFT_OPTIMIZATION_LEVEL = "-Onone";
			};
			name = Debug;
		};
		013F95F42694C74000B6CE05 /* Release */ = {
			isa = XCBuildConfiguration;
			buildSettings = {
				ALWAYS_SEARCH_USER_PATHS = NO;
				CLANG_ANALYZER_NONNULL = YES;
				CLANG_ANALYZER_NUMBER_OBJECT_CONVERSION = YES_AGGRESSIVE;
				CLANG_CXX_LANGUAGE_STANDARD = "gnu++14";
				CLANG_CXX_LIBRARY = "libc++";
				CLANG_ENABLE_MODULES = YES;
				CLANG_ENABLE_OBJC_ARC = YES;
				CLANG_ENABLE_OBJC_WEAK = YES;
				CLANG_WARN_BLOCK_CAPTURE_AUTORELEASING = YES;
				CLANG_WARN_BOOL_CONVERSION = YES;
				CLANG_WARN_COMMA = YES;
				CLANG_WARN_CONSTANT_CONVERSION = YES;
				CLANG_WARN_DEPRECATED_OBJC_IMPLEMENTATIONS = YES;
				CLANG_WARN_DIRECT_OBJC_ISA_USAGE = YES_ERROR;
				CLANG_WARN_DOCUMENTATION_COMMENTS = YES;
				CLANG_WARN_EMPTY_BODY = YES;
				CLANG_WARN_ENUM_CONVERSION = YES;
				CLANG_WARN_INFINITE_RECURSION = YES;
				CLANG_WARN_INT_CONVERSION = YES;
				CLANG_WARN_NON_LITERAL_NULL_CONVERSION = YES;
				CLANG_WARN_OBJC_IMPLICIT_RETAIN_SELF = YES;
				CLANG_WARN_OBJC_LITERAL_CONVERSION = YES;
				CLANG_WARN_OBJC_ROOT_CLASS = YES_ERROR;
				CLANG_WARN_QUOTED_INCLUDE_IN_FRAMEWORK_HEADER = YES;
				CLANG_WARN_RANGE_LOOP_ANALYSIS = YES;
				CLANG_WARN_STRICT_PROTOTYPES = YES;
				CLANG_WARN_SUSPICIOUS_MOVE = YES;
				CLANG_WARN_UNGUARDED_AVAILABILITY = YES_AGGRESSIVE;
				CLANG_WARN_UNREACHABLE_CODE = YES;
				CLANG_WARN__DUPLICATE_METHOD_MATCH = YES;
				COPY_PHASE_STRIP = NO;
				DEBUG_INFORMATION_FORMAT = "dwarf-with-dsym";
				ENABLE_NS_ASSERTIONS = NO;
				ENABLE_STRICT_OBJC_MSGSEND = YES;
				GCC_C_LANGUAGE_STANDARD = gnu11;
				GCC_NO_COMMON_BLOCKS = YES;
				GCC_WARN_64_TO_32_BIT_CONVERSION = YES;
				GCC_WARN_ABOUT_RETURN_TYPE = YES_ERROR;
				GCC_WARN_UNDECLARED_SELECTOR = YES;
				GCC_WARN_UNINITIALIZED_AUTOS = YES_AGGRESSIVE;
				GCC_WARN_UNUSED_FUNCTION = YES;
				GCC_WARN_UNUSED_VARIABLE = YES;
				IPHONEOS_DEPLOYMENT_TARGET = 14.3;
				MTL_ENABLE_DEBUG_INFO = NO;
				MTL_FAST_MATH = YES;
				SDKROOT = iphoneos;
				SWIFT_COMPILATION_MODE = wholemodule;
				SWIFT_OPTIMIZATION_LEVEL = "-O";
				VALIDATE_PRODUCT = YES;
			};
			name = Release;
		};
		013F95F62694C74000B6CE05 /* Debug */ = {
			isa = XCBuildConfiguration;
			buildSettings = {
				ASSETCATALOG_COMPILER_APPICON_NAME = AppIcon;
				ASSETCATALOG_COMPILER_GLOBAL_ACCENT_COLOR_NAME = AccentColor;
				CODE_SIGN_STYLE = Automatic;
				INFOPLIST_FILE = CoreDataDemo/Info.plist;
				LD_RUNPATH_SEARCH_PATHS = (
					"$(inherited)",
					"@executable_path/Frameworks",
				);
				PRODUCT_BUNDLE_IDENTIFIER = com.raywenderlich.CoreDataDemo;
				PRODUCT_NAME = "$(TARGET_NAME)";
				SWIFT_VERSION = 5.0;
				TARGETED_DEVICE_FAMILY = "1,2";
			};
			name = Debug;
		};
		013F95F72694C74000B6CE05 /* Release */ = {
			isa = XCBuildConfiguration;
			buildSettings = {
				ASSETCATALOG_COMPILER_APPICON_NAME = AppIcon;
				ASSETCATALOG_COMPILER_GLOBAL_ACCENT_COLOR_NAME = AccentColor;
				CODE_SIGN_STYLE = Automatic;
				INFOPLIST_FILE = CoreDataDemo/Info.plist;
				LD_RUNPATH_SEARCH_PATHS = (
					"$(inherited)",
					"@executable_path/Frameworks",
				);
				PRODUCT_BUNDLE_IDENTIFIER = com.raywenderlich.CoreDataDemo;
				PRODUCT_NAME = "$(TARGET_NAME)";
				SWIFT_VERSION = 5.0;
				TARGETED_DEVICE_FAMILY = "1,2";
			};
			name = Release;
		};
/* End XCBuildConfiguration section */

/* Begin XCConfigurationList section */
		013F95D92694C73800B6CE05 /* Build configuration list for PBXProject "CoreDataDemo" */ = {
			isa = XCConfigurationList;
			buildConfigurations = (
				013F95F32694C74000B6CE05 /* Debug */,
				013F95F42694C74000B6CE05 /* Release */,
			);
			defaultConfigurationIsVisible = 0;
			defaultConfigurationName = Release;
		};
		013F95F52694C74000B6CE05 /* Build configuration list for PBXNativeTarget "CoreDataDemo" */ = {
			isa = XCConfigurationList;
			buildConfigurations = (
				013F95F62694C74000B6CE05 /* Debug */,
				013F95F72694C74000B6CE05 /* Release */,
			);
			defaultConfigurationIsVisible = 0;
			defaultConfigurationName = Release;
		};
/* End XCConfigurationList section */

/* Begin XCVersionGroup section */
		013F95EA2694C73900B6CE05 /* CoreDataDemo.xcdatamodeld */ = {
			isa = XCVersionGroup;
			children = (
				013F95EB2694C73900B6CE05 /* CoreDataDemo.xcdatamodel */,
			);
			currentVersion = 013F95EB2694C73900B6CE05 /* CoreDataDemo.xcdatamodel */;
			path = CoreDataDemo.xcdatamodeld;
			sourceTree = "<group>";
			versionGroupType = wrapper.xcdatamodel;
		};
/* End XCVersionGroup section */
	};
	rootObject = 013F95D62694C73800B6CE05 /* Project object */;
}
